
Microsoft Visual Studio Solution File, Format Version 12.00
# Visual Studio Version 17
VisualStudioVersion = 17.6.33723.286
MinimumVisualStudioVersion = 10.0.40219.1
Project("{9A19103F-16F7-4668-BE54-9A1E7A4F7556}") = "QRMvc", "QRMvc.csproj", "{0F752991-3E51-478A-84FB-A3A7C96106BF}"
EndProject
Project("{9A19103F-16F7-4668-BE54-9A1E7A4F7556}") = "QRLib", "..\QRLib\QRLib.csproj", "{B68B42A4-F777-4E63-874C-7064C7138F70}"
EndProject
Project("{FAE04EC0-301F-11D3-BF4B-00C04F79EFBC}") = "QRWorker", "..\QRWorker\QRWorker.csproj", "{BC303F38-7090-4431-B474-C04A04499B24}"
EndProject
Global
	GlobalSection(SolutionConfigurationPlatforms) = preSolution
		Debug|Any CPU = Debug|Any CPU
		Release|Any CPU = Release|Any CPU
	EndGlobalSection
	GlobalSection(ProjectConfigurationPlatforms) = postSolution
		{0F752991-3E51-478A-84FB-A3A7C96106BF}.Debug|Any CPU.ActiveCfg = Debug|Any CPU
		{0F752991-3E51-478A-84FB-A3A7C96106BF}.Debug|Any CPU.Build.0 = Debug|Any CPU
		{0F752991-3E51-478A-84FB-A3A7C96106BF}.Release|Any CPU.ActiveCfg = Release|Any CPU
		{0F752991-3E51-478A-84FB-A3A7C96106BF}.Release|Any CPU.Build.0 = Release|Any CPU
		{B68B42A4-F777-4E63-874C-7064C7138F70}.Debug|Any CPU.ActiveCfg = Debug|Any CPU
		{B68B42A4-F777-4E63-874C-7064C7138F70}.Debug|Any CPU.Build.0 = Debug|Any CPU
		{B68B42A4-F777-4E63-874C-7064C7138F70}.Release|Any CPU.ActiveCfg = Release|Any CPU
		{B68B42A4-F777-4E63-874C-7064C7138F70}.Release|Any CPU.Build.0 = Release|Any CPU
		{BC303F38-7090-4431-B474-C04A04499B24}.Debug|Any CPU.ActiveCfg = Debug|Any CPU
		{BC303F38-7090-4431-B474-C04A04499B24}.Debug|Any CPU.Build.0 = Debug|Any CPU
		{BC303F38-7090-4431-B474-C04A04499B24}.Release|Any CPU.ActiveCfg = Release|Any CPU
		{BC303F38-7090-4431-B474-C04A04499B24}.Release|Any CPU.Build.0 = Release|Any CPU
	EndGlobalSection
	GlobalSection(SolutionProperties) = preSolution
		HideSolutionNode = FALSE
	EndGlobalSection
	GlobalSection(ExtensibilityGlobals) = postSolution
		SolutionGuid = {A7696B41-BEDE-4B40-A972-3179354F1F17}
	EndGlobalSection
EndGlobal
